// !$*UTF8*$!
{
	archiveVersion = 1;
	classes = {
	};
	objectVersion = 48;
	objects = {

/* Begin PBXBuildFile section */
		4271A69220F88BE300C4C216 /* ViewController.swift in Sources */ = {isa = PBXBuildFile; fileRef = 42C8F2A12047DB6800F4486C /* ViewController.swift */; };
		4271A69320F88BE300C4C216 /* CustomCell.swift in Sources */ = {isa = PBXBuildFile; fileRef = 424E3A6F205101C100020A8E /* CustomCell.swift */; };
		4271A69420F88BE300C4C216 /* AppDelegate.swift in Sources */ = {isa = PBXBuildFile; fileRef = 4213EB9720429638009B2C01 /* AppDelegate.swift */; };
		4271A69720F88BE300C4C216 /* pingtone.aif in Resources */ = {isa = PBXBuildFile; fileRef = 424E62BC2060D0890094FABA /* pingtone.aif */; };
		4271A69820F88BE300C4C216 /* LaunchScreen.storyboard in Resources */ = {isa = PBXBuildFile; fileRef = 4213EBA020429638009B2C01 /* LaunchScreen.storyboard */; };
		4271A69920F88BE300C4C216 /* shorttap.aif in Resources */ = {isa = PBXBuildFile; fileRef = 424E62B92060D0890094FABA /* shorttap.aif */; };
		4271A69A20F88BE300C4C216 /* upward.wav in Resources */ = {isa = PBXBuildFile; fileRef = 424E62BD2060D0890094FABA /* upward.wav */; };
		4271A69B20F88BE300C4C216 /* oblivion.wav in Resources */ = {isa = PBXBuildFile; fileRef = 424E62BB2060D0890094FABA /* oblivion.wav */; };
		4271A69C20F88BE300C4C216 /* tripletbeep.wav in Resources */ = {isa = PBXBuildFile; fileRef = 424E62B82060D0890094FABA /* tripletbeep.wav */; };
		4271A69D20F88BE300C4C216 /* hollowtap.aif in Resources */ = {isa = PBXBuildFile; fileRef = 424E62B72060D0890094FABA /* hollowtap.aif */; };
		4271A69E20F88BE300C4C216 /* Assets.xcassets in Resources */ = {isa = PBXBuildFile; fileRef = 4213EB9E20429638009B2C01 /* Assets.xcassets */; };
		4271A69F20F88BE300C4C216 /* Main.storyboard in Resources */ = {isa = PBXBuildFile; fileRef = 4213EB9B20429638009B2C01 /* Main.storyboard */; };
		4271A6A020F88BE300C4C216 /* charging.wav in Resources */ = {isa = PBXBuildFile; fileRef = 424E62BE2060D0890094FABA /* charging.wav */; };
		4271A6A120F88BE300C4C216 /* scaleup.aif in Resources */ = {isa = PBXBuildFile; fileRef = 424E62BA2060D0890094FABA /* scaleup.aif */; };
		429EC18820F5D3BB000E7075 /* ViewController.swift in Sources */ = {isa = PBXBuildFile; fileRef = 42C8F2A12047DB6800F4486C /* ViewController.swift */; };
		429EC18920F5D3BB000E7075 /* CustomCell.swift in Sources */ = {isa = PBXBuildFile; fileRef = 424E3A6F205101C100020A8E /* CustomCell.swift */; };
		429EC18A20F5D3BB000E7075 /* AppDelegate.swift in Sources */ = {isa = PBXBuildFile; fileRef = 4213EB9720429638009B2C01 /* AppDelegate.swift */; };
		429EC18D20F5D3BB000E7075 /* pingtone.aif in Resources */ = {isa = PBXBuildFile; fileRef = 424E62BC2060D0890094FABA /* pingtone.aif */; };
		429EC18E20F5D3BB000E7075 /* LaunchScreen.storyboard in Resources */ = {isa = PBXBuildFile; fileRef = 4213EBA020429638009B2C01 /* LaunchScreen.storyboard */; };
		429EC18F20F5D3BB000E7075 /* shorttap.aif in Resources */ = {isa = PBXBuildFile; fileRef = 424E62B92060D0890094FABA /* shorttap.aif */; };
		429EC19020F5D3BB000E7075 /* upward.wav in Resources */ = {isa = PBXBuildFile; fileRef = 424E62BD2060D0890094FABA /* upward.wav */; };
		429EC19120F5D3BB000E7075 /* oblivion.wav in Resources */ = {isa = PBXBuildFile; fileRef = 424E62BB2060D0890094FABA /* oblivion.wav */; };
		429EC19220F5D3BB000E7075 /* tripletbeep.wav in Resources */ = {isa = PBXBuildFile; fileRef = 424E62B82060D0890094FABA /* tripletbeep.wav */; };
		429EC19320F5D3BB000E7075 /* hollowtap.aif in Resources */ = {isa = PBXBuildFile; fileRef = 424E62B72060D0890094FABA /* hollowtap.aif */; };
		429EC19420F5D3BB000E7075 /* Assets.xcassets in Resources */ = {isa = PBXBuildFile; fileRef = 4213EB9E20429638009B2C01 /* Assets.xcassets */; };
		429EC19520F5D3BB000E7075 /* Main.storyboard in Resources */ = {isa = PBXBuildFile; fileRef = 4213EB9B20429638009B2C01 /* Main.storyboard */; };
		429EC19620F5D3BB000E7075 /* charging.wav in Resources */ = {isa = PBXBuildFile; fileRef = 424E62BE2060D0890094FABA /* charging.wav */; };
		429EC19720F5D3BB000E7075 /* scaleup.aif in Resources */ = {isa = PBXBuildFile; fileRef = 424E62BA2060D0890094FABA /* scaleup.aif */; };
		429F90932537395900703051 /* DataObject.swift in Sources */ = {isa = PBXBuildFile; fileRef = 429F90922537395900703051 /* DataObject.swift */; };
		429F90942537395900703051 /* DataObject.swift in Sources */ = {isa = PBXBuildFile; fileRef = 429F90922537395900703051 /* DataObject.swift */; };
		429F909A25373B1F00703051 /* Sounds.swift in Sources */ = {isa = PBXBuildFile; fileRef = 429F909925373B1F00703051 /* Sounds.swift */; };
		429F909B25373B1F00703051 /* Sounds.swift in Sources */ = {isa = PBXBuildFile; fileRef = 429F909925373B1F00703051 /* Sounds.swift */; };
/* End PBXBuildFile section */

/* Begin PBXFileReference section */
		4213EB9720429638009B2C01 /* AppDelegate.swift */ = {isa = PBXFileReference; lastKnownFileType = sourcecode.swift; path = AppDelegate.swift; sourceTree = "<group>"; };
		4213EB9C20429638009B2C01 /* Base */ = {isa = PBXFileReference; lastKnownFileType = file.storyboard; name = Base; path = Base.lproj/Main.storyboard; sourceTree = "<group>"; };
		4213EB9E20429638009B2C01 /* Assets.xcassets */ = {isa = PBXFileReference; lastKnownFileType = folder.assetcatalog; path = Assets.xcassets; sourceTree = "<group>"; };
		4213EBA120429638009B2C01 /* Base */ = {isa = PBXFileReference; lastKnownFileType = file.storyboard; name = Base; path = Base.lproj/LaunchScreen.storyboard; sourceTree = "<group>"; };
		4213EBA320429638009B2C01 /* Info.plist */ = {isa = PBXFileReference; lastKnownFileType = text.plist.xml; path = Info.plist; sourceTree = "<group>"; };
		424E3A6F205101C100020A8E /* CustomCell.swift */ = {isa = PBXFileReference; lastKnownFileType = sourcecode.swift; path = CustomCell.swift; sourceTree = "<group>"; };
		424E62B72060D0890094FABA /* hollowtap.aif */ = {isa = PBXFileReference; lastKnownFileType = file; path = hollowtap.aif; sourceTree = "<group>"; };
		424E62B82060D0890094FABA /* tripletbeep.wav */ = {isa = PBXFileReference; lastKnownFileType = audio.wav; path = tripletbeep.wav; sourceTree = "<group>"; };
		424E62B92060D0890094FABA /* shorttap.aif */ = {isa = PBXFileReference; lastKnownFileType = file; path = shorttap.aif; sourceTree = "<group>"; };
		424E62BA2060D0890094FABA /* scaleup.aif */ = {isa = PBXFileReference; lastKnownFileType = file; path = scaleup.aif; sourceTree = "<group>"; };
		424E62BB2060D0890094FABA /* oblivion.wav */ = {isa = PBXFileReference; lastKnownFileType = audio.wav; path = oblivion.wav; sourceTree = "<group>"; };
		424E62BC2060D0890094FABA /* pingtone.aif */ = {isa = PBXFileReference; lastKnownFileType = file; path = pingtone.aif; sourceTree = "<group>"; };
		424E62BD2060D0890094FABA /* upward.wav */ = {isa = PBXFileReference; lastKnownFileType = audio.wav; path = upward.wav; sourceTree = "<group>"; };
		424E62BE2060D0890094FABA /* charging.wav */ = {isa = PBXFileReference; lastKnownFileType = audio.wav; path = charging.wav; sourceTree = "<group>"; };
		4271A6A520F88BE300C4C216 /* Pushup Hero copy.app */ = {isa = PBXFileReference; explicitFileType = wrapper.application; includeInIndex = 0; path = "Pushup Hero copy.app"; sourceTree = BUILT_PRODUCTS_DIR; };
		4271A6A620F88BE300C4C216 /* Pushup Hero copy-Info.plist */ = {isa = PBXFileReference; lastKnownFileType = text.plist.xml; name = "Pushup Hero copy-Info.plist"; path = "/Users/joshua/Code/buttons/Pushup Hero copy-Info.plist"; sourceTree = "<absolute>"; };
		429EC19B20F5D3BB000E7075 /* Pushup Hero.app */ = {isa = PBXFileReference; explicitFileType = wrapper.application; includeInIndex = 0; path = "Pushup Hero.app"; sourceTree = BUILT_PRODUCTS_DIR; };
		429EC19C20F5D3BB000E7075 /* buttons copy-Info.plist */ = {isa = PBXFileReference; lastKnownFileType = text.plist.xml; name = "buttons copy-Info.plist"; path = "/Users/joshua/Code/buttons/buttons copy-Info.plist"; sourceTree = "<absolute>"; };
		429F90922537395900703051 /* DataObject.swift */ = {isa = PBXFileReference; lastKnownFileType = sourcecode.swift; path = DataObject.swift; sourceTree = "<group>"; };
		429F909925373B1F00703051 /* Sounds.swift */ = {isa = PBXFileReference; lastKnownFileType = sourcecode.swift; path = Sounds.swift; sourceTree = "<group>"; };
		42C8F2A12047DB6800F4486C /* ViewController.swift */ = {isa = PBXFileReference; fileEncoding = 4; lastKnownFileType = sourcecode.swift; path = ViewController.swift; sourceTree = "<group>"; };
/* End PBXFileReference section */

/* Begin PBXFrameworksBuildPhase section */
		4271A69520F88BE300C4C216 /* Frameworks */ = {
			isa = PBXFrameworksBuildPhase;
			buildActionMask = 2147483647;
			files = (
			);
			runOnlyForDeploymentPostprocessing = 0;
		};
		429EC18B20F5D3BB000E7075 /* Frameworks */ = {
			isa = PBXFrameworksBuildPhase;
			buildActionMask = 2147483647;
			files = (
			);
			runOnlyForDeploymentPostprocessing = 0;
		};
/* End PBXFrameworksBuildPhase section */

/* Begin PBXGroup section */
		4213EB8B20429638009B2C01 = {
			isa = PBXGroup;
			children = (
				4213EB9620429638009B2C01 /* buttons */,
				4213EB9520429638009B2C01 /* Products */,
				429EC19C20F5D3BB000E7075 /* buttons copy-Info.plist */,
				4271A6A620F88BE300C4C216 /* Pushup Hero copy-Info.plist */,
			);
			sourceTree = "<group>";
		};
		4213EB9520429638009B2C01 /* Products */ = {
			isa = PBXGroup;
			children = (
				429EC19B20F5D3BB000E7075 /* Pushup Hero.app */,
				4271A6A520F88BE300C4C216 /* Pushup Hero copy.app */,
			);
			name = Products;
			sourceTree = "<group>";
		};
		4213EB9620429638009B2C01 /* buttons */ = {
			isa = PBXGroup;
			children = (
				42C8F2A12047DB6800F4486C /* ViewController.swift */,
				4213EB9720429638009B2C01 /* AppDelegate.swift */,
				4213EB9B20429638009B2C01 /* Main.storyboard */,
				4213EB9E20429638009B2C01 /* Assets.xcassets */,
				424E62B62060D0890094FABA /* sound effects */,
				4213EBA020429638009B2C01 /* LaunchScreen.storyboard */,
				4213EBA320429638009B2C01 /* Info.plist */,
				424E3A6F205101C100020A8E /* CustomCell.swift */,
				429F90922537395900703051 /* DataObject.swift */,
				429F909925373B1F00703051 /* Sounds.swift */,
			);
			path = buttons;
			sourceTree = "<group>";
		};
		424E62B62060D0890094FABA /* sound effects */ = {
			isa = PBXGroup;
			children = (
				424E62B72060D0890094FABA /* hollowtap.aif */,
				424E62B82060D0890094FABA /* tripletbeep.wav */,
				424E62B92060D0890094FABA /* shorttap.aif */,
				424E62BA2060D0890094FABA /* scaleup.aif */,
				424E62BB2060D0890094FABA /* oblivion.wav */,
				424E62BC2060D0890094FABA /* pingtone.aif */,
				424E62BD2060D0890094FABA /* upward.wav */,
				424E62BE2060D0890094FABA /* charging.wav */,
			);
			path = "sound effects";
			sourceTree = "<group>";
		};
/* End PBXGroup section */

/* Begin PBXNativeTarget section */
		4271A69020F88BE300C4C216 /* Pushup Hero copy */ = {
			isa = PBXNativeTarget;
			buildConfigurationList = 4271A6A220F88BE300C4C216 /* Build configuration list for PBXNativeTarget "Pushup Hero copy" */;
			buildPhases = (
				4271A69120F88BE300C4C216 /* Sources */,
				4271A69520F88BE300C4C216 /* Frameworks */,
				4271A69620F88BE300C4C216 /* Resources */,
			);
			buildRules = (
			);
			dependencies = (
			);
			name = "Pushup Hero copy";
			productName = buttons;
			productReference = 4271A6A520F88BE300C4C216 /* Pushup Hero copy.app */;
			productType = "com.apple.product-type.application";
		};
		429EC18620F5D3BB000E7075 /* Pushup Hero */ = {
			isa = PBXNativeTarget;
			buildConfigurationList = 429EC19820F5D3BB000E7075 /* Build configuration list for PBXNativeTarget "Pushup Hero" */;
			buildPhases = (
				429EC18720F5D3BB000E7075 /* Sources */,
				429EC18B20F5D3BB000E7075 /* Frameworks */,
				429EC18C20F5D3BB000E7075 /* Resources */,
			);
			buildRules = (
			);
			dependencies = (
			);
			name = "Pushup Hero";
			productName = buttons;
			productReference = 429EC19B20F5D3BB000E7075 /* Pushup Hero.app */;
			productType = "com.apple.product-type.application";
		};
/* End PBXNativeTarget section */

/* Begin PBXProject section */
		4213EB8C20429638009B2C01 /* Project object */ = {
			isa = PBXProject;
			attributes = {
				LastSwiftUpdateCheck = 0940;
				LastUpgradeCheck = 0900;
				ORGANIZATIONNAME = "Joshua Dance";
				TargetAttributes = {
					4271A69020F88BE300C4C216 = {
						ProvisioningStyle = Automatic;
					};
					429EC18620F5D3BB000E7075 = {
						ProvisioningStyle = Automatic;
					};
				};
			};
			buildConfigurationList = 4213EB8F20429638009B2C01 /* Build configuration list for PBXProject "Pushup Hero" */;
			compatibilityVersion = "Xcode 8.0";
			developmentRegion = en;
			hasScannedForEncodings = 0;
			knownRegions = (
				en,
				Base,
			);
			mainGroup = 4213EB8B20429638009B2C01;
			productRefGroup = 4213EB9520429638009B2C01 /* Products */;
			projectDirPath = "";
			projectRoot = "";
			targets = (
				429EC18620F5D3BB000E7075 /* Pushup Hero */,
				4271A69020F88BE300C4C216 /* Pushup Hero copy */,
			);
		};
/* End PBXProject section */

/* Begin PBXResourcesBuildPhase section */
		4271A69620F88BE300C4C216 /* Resources */ = {
			isa = PBXResourcesBuildPhase;
			buildActionMask = 2147483647;
			files = (
				4271A69720F88BE300C4C216 /* pingtone.aif in Resources */,
				4271A69820F88BE300C4C216 /* LaunchScreen.storyboard in Resources */,
				4271A69920F88BE300C4C216 /* shorttap.aif in Resources */,
				4271A69A20F88BE300C4C216 /* upward.wav in Resources */,
				4271A69B20F88BE300C4C216 /* oblivion.wav in Resources */,
				4271A69C20F88BE300C4C216 /* tripletbeep.wav in Resources */,
				4271A69D20F88BE300C4C216 /* hollowtap.aif in Resources */,
				4271A69E20F88BE300C4C216 /* Assets.xcassets in Resources */,
				4271A69F20F88BE300C4C216 /* Main.storyboard in Resources */,
				4271A6A020F88BE300C4C216 /* charging.wav in Resources */,
				4271A6A120F88BE300C4C216 /* scaleup.aif in Resources */,
			);
			runOnlyForDeploymentPostprocessing = 0;
		};
		429EC18C20F5D3BB000E7075 /* Resources */ = {
			isa = PBXResourcesBuildPhase;
			buildActionMask = 2147483647;
			files = (
				429EC18D20F5D3BB000E7075 /* pingtone.aif in Resources */,
				429EC18E20F5D3BB000E7075 /* LaunchScreen.storyboard in Resources */,
				429EC18F20F5D3BB000E7075 /* shorttap.aif in Resources */,
				429EC19020F5D3BB000E7075 /* upward.wav in Resources */,
				429EC19120F5D3BB000E7075 /* oblivion.wav in Resources */,
				429EC19220F5D3BB000E7075 /* tripletbeep.wav in Resources */,
				429EC19320F5D3BB000E7075 /* hollowtap.aif in Resources */,
				429EC19420F5D3BB000E7075 /* Assets.xcassets in Resources */,
				429EC19520F5D3BB000E7075 /* Main.storyboard in Resources */,
				429EC19620F5D3BB000E7075 /* charging.wav in Resources */,
				429EC19720F5D3BB000E7075 /* scaleup.aif in Resources */,
			);
			runOnlyForDeploymentPostprocessing = 0;
		};
/* End PBXResourcesBuildPhase section */

/* Begin PBXSourcesBuildPhase section */
		4271A69120F88BE300C4C216 /* Sources */ = {
			isa = PBXSourcesBuildPhase;
			buildActionMask = 2147483647;
			files = (
				4271A69220F88BE300C4C216 /* ViewController.swift in Sources */,
				429F90942537395900703051 /* DataObject.swift in Sources */,
				429F909B25373B1F00703051 /* Sounds.swift in Sources */,
				4271A69320F88BE300C4C216 /* CustomCell.swift in Sources */,
				4271A69420F88BE300C4C216 /* AppDelegate.swift in Sources */,
			);
			runOnlyForDeploymentPostprocessing = 0;
		};
		429EC18720F5D3BB000E7075 /* Sources */ = {
			isa = PBXSourcesBuildPhase;
			buildActionMask = 2147483647;
			files = (
				429EC18820F5D3BB000E7075 /* ViewController.swift in Sources */,
				429F90932537395900703051 /* DataObject.swift in Sources */,
				429F909A25373B1F00703051 /* Sounds.swift in Sources */,
				429EC18920F5D3BB000E7075 /* CustomCell.swift in Sources */,
				429EC18A20F5D3BB000E7075 /* AppDelegate.swift in Sources */,
			);
			runOnlyForDeploymentPostprocessing = 0;
		};
/* End PBXSourcesBuildPhase section */

/* Begin PBXVariantGroup section */
		4213EB9B20429638009B2C01 /* Main.storyboard */ = {
			isa = PBXVariantGroup;
			children = (
				4213EB9C20429638009B2C01 /* Base */,
			);
			name = Main.storyboard;
			sourceTree = "<group>";
		};
		4213EBA020429638009B2C01 /* LaunchScreen.storyboard */ = {
			isa = PBXVariantGroup;
			children = (
				4213EBA120429638009B2C01 /* Base */,
			);
			name = LaunchScreen.storyboard;
			sourceTree = "<group>";
		};
/* End PBXVariantGroup section */

/* Begin XCBuildConfiguration section */
		4213EBA420429638009B2C01 /* Debug */ = {
			isa = XCBuildConfiguration;
			buildSettings = {
				ALWAYS_SEARCH_USER_PATHS = NO;
				CLANG_ANALYZER_NONNULL = YES;
				CLANG_ANALYZER_NUMBER_OBJECT_CONVERSION = YES_AGGRESSIVE;
				CLANG_CXX_LANGUAGE_STANDARD = "gnu++14";
				CLANG_CXX_LIBRARY = "libc++";
				CLANG_ENABLE_MODULES = YES;
				CLANG_ENABLE_OBJC_ARC = YES;
				CLANG_WARN_BLOCK_CAPTURE_AUTORELEASING = YES;
				CLANG_WARN_BOOL_CONVERSION = YES;
				CLANG_WARN_COMMA = YES;
				CLANG_WARN_CONSTANT_CONVERSION = YES;
				CLANG_WARN_DIRECT_OBJC_ISA_USAGE = YES_ERROR;
				CLANG_WARN_DOCUMENTATION_COMMENTS = YES;
				CLANG_WARN_EMPTY_BODY = YES;
				CLANG_WARN_ENUM_CONVERSION = YES;
				CLANG_WARN_INFINITE_RECURSION = YES;
				CLANG_WARN_INT_CONVERSION = YES;
				CLANG_WARN_NON_LITERAL_NULL_CONVERSION = YES;
				CLANG_WARN_OBJC_LITERAL_CONVERSION = YES;
				CLANG_WARN_OBJC_ROOT_CLASS = YES_ERROR;
				CLANG_WARN_RANGE_LOOP_ANALYSIS = YES;
				CLANG_WARN_STRICT_PROTOTYPES = YES;
				CLANG_WARN_SUSPICIOUS_MOVE = YES;
				CLANG_WARN_UNGUARDED_AVAILABILITY = YES_AGGRESSIVE;
				CLANG_WARN_UNREACHABLE_CODE = YES;
				CLANG_WARN__DUPLICATE_METHOD_MATCH = YES;
				CODE_SIGN_IDENTITY = "iPhone Developer";
				COPY_PHASE_STRIP = NO;
				DEBUG_INFORMATION_FORMAT = dwarf;
				ENABLE_STRICT_OBJC_MSGSEND = YES;
				ENABLE_TESTABILITY = YES;
				GCC_C_LANGUAGE_STANDARD = gnu11;
				GCC_DYNAMIC_NO_PIC = NO;
				GCC_NO_COMMON_BLOCKS = YES;
				GCC_OPTIMIZATION_LEVEL = 0;
				GCC_PREPROCESSOR_DEFINITIONS = (
					"DEBUG=1",
					"$(inherited)",
				);
				GCC_WARN_64_TO_32_BIT_CONVERSION = YES;
				GCC_WARN_ABOUT_RETURN_TYPE = YES_ERROR;
				GCC_WARN_UNDECLARED_SELECTOR = YES;
				GCC_WARN_UNINITIALIZED_AUTOS = YES_AGGRESSIVE;
				GCC_WARN_UNUSED_FUNCTION = YES;
				GCC_WARN_UNUSED_VARIABLE = YES;
				IPHONEOS_DEPLOYMENT_TARGET = 11.0;
				MTL_ENABLE_DEBUG_INFO = YES;
				ONLY_ACTIVE_ARCH = YES;
				SDKROOT = iphoneos;
				SWIFT_ACTIVE_COMPILATION_CONDITIONS = DEBUG;
				SWIFT_OPTIMIZATION_LEVEL = "-Onone";
			};
			name = Debug;
		};
		4213EBA520429638009B2C01 /* Release */ = {
			isa = XCBuildConfiguration;
			buildSettings = {
				ALWAYS_SEARCH_USER_PATHS = NO;
				CLANG_ANALYZER_NONNULL = YES;
				CLANG_ANALYZER_NUMBER_OBJECT_CONVERSION = YES_AGGRESSIVE;
				CLANG_CXX_LANGUAGE_STANDARD = "gnu++14";
				CLANG_CXX_LIBRARY = "libc++";
				CLANG_ENABLE_MODULES = YES;
				CLANG_ENABLE_OBJC_ARC = YES;
				CLANG_WARN_BLOCK_CAPTURE_AUTORELEASING = YES;
				CLANG_WARN_BOOL_CONVERSION = YES;
				CLANG_WARN_COMMA = YES;
				CLANG_WARN_CONSTANT_CONVERSION = YES;
				CLANG_WARN_DIRECT_OBJC_ISA_USAGE = YES_ERROR;
				CLANG_WARN_DOCUMENTATION_COMMENTS = YES;
				CLANG_WARN_EMPTY_BODY = YES;
				CLANG_WARN_ENUM_CONVERSION = YES;
				CLANG_WARN_INFINITE_RECURSION = YES;
				CLANG_WARN_INT_CONVERSION = YES;
				CLANG_WARN_NON_LITERAL_NULL_CONVERSION = YES;
				CLANG_WARN_OBJC_LITERAL_CONVERSION = YES;
				CLANG_WARN_OBJC_ROOT_CLASS = YES_ERROR;
				CLANG_WARN_RANGE_LOOP_ANALYSIS = YES;
				CLANG_WARN_STRICT_PROTOTYPES = YES;
				CLANG_WARN_SUSPICIOUS_MOVE = YES;
				CLANG_WARN_UNGUARDED_AVAILABILITY = YES_AGGRESSIVE;
				CLANG_WARN_UNREACHABLE_CODE = YES;
				CLANG_WARN__DUPLICATE_METHOD_MATCH = YES;
				CODE_SIGN_IDENTITY = "iPhone Developer";
				COPY_PHASE_STRIP = NO;
				DEBUG_INFORMATION_FORMAT = "dwarf-with-dsym";
				ENABLE_NS_ASSERTIONS = NO;
				ENABLE_STRICT_OBJC_MSGSEND = YES;
				GCC_C_LANGUAGE_STANDARD = gnu11;
				GCC_NO_COMMON_BLOCKS = YES;
				GCC_WARN_64_TO_32_BIT_CONVERSION = YES;
				GCC_WARN_ABOUT_RETURN_TYPE = YES_ERROR;
				GCC_WARN_UNDECLARED_SELECTOR = YES;
				GCC_WARN_UNINITIALIZED_AUTOS = YES_AGGRESSIVE;
				GCC_WARN_UNUSED_FUNCTION = YES;
				GCC_WARN_UNUSED_VARIABLE = YES;
				IPHONEOS_DEPLOYMENT_TARGET = 11.0;
				MTL_ENABLE_DEBUG_INFO = NO;
				SDKROOT = iphoneos;
				SWIFT_OPTIMIZATION_LEVEL = "-Owholemodule";
				VALIDATE_PRODUCT = YES;
			};
			name = Release;
		};
		4271A6A320F88BE300C4C216 /* Debug */ = {
			isa = XCBuildConfiguration;
			buildSettings = {
				ASSETCATALOG_COMPILER_APPICON_NAME = AppIcon;
				CODE_SIGN_STYLE = Automatic;
				DEVELOPMENT_TEAM = 4YEP43V2YP;
				INFOPLIST_FILE = "Pushup Hero copy-Info.plist";
				IPHONEOS_DEPLOYMENT_TARGET = 11.0;
				LD_RUNPATH_SEARCH_PATHS = "$(inherited) @executable_path/Frameworks";
				PRODUCT_BUNDLE_IDENTIFIER = me.joshdance.pushuphero;
				PRODUCT_NAME = "$(TARGET_NAME)";
				SWIFT_VERSION = 4.0;
				TARGETED_DEVICE_FAMILY = "1,2";
			};
			name = Debug;
		};
		4271A6A420F88BE300C4C216 /* Release */ = {
			isa = XCBuildConfiguration;
			buildSettings = {
				ASSETCATALOG_COMPILER_APPICON_NAME = AppIcon;
				CODE_SIGN_STYLE = Automatic;
				DEVELOPMENT_TEAM = 4YEP43V2YP;
				INFOPLIST_FILE = "Pushup Hero copy-Info.plist";
				IPHONEOS_DEPLOYMENT_TARGET = 11.0;
				LD_RUNPATH_SEARCH_PATHS = "$(inherited) @executable_path/Frameworks";
				PRODUCT_BUNDLE_IDENTIFIER = me.joshdance.pushuphero;
				PRODUCT_NAME = "$(TARGET_NAME)";
				SWIFT_VERSION = 4.0;
				TARGETED_DEVICE_FAMILY = "1,2";
			};
			name = Release;
		};
		429EC19920F5D3BB000E7075 /* Debug */ = {
			isa = XCBuildConfiguration;
			buildSettings = {
				ASSETCATALOG_COMPILER_APPICON_NAME = AppIcon;
				CODE_SIGN_STYLE = Automatic;
				DEVELOPMENT_TEAM = 4YEP43V2YP;
				INFOPLIST_FILE = "buttons copy-Info.plist";
				IPHONEOS_DEPLOYMENT_TARGET = 11.0;
				LD_RUNPATH_SEARCH_PATHS = "$(inherited) @executable_path/Frameworks";
				PRODUCT_BUNDLE_IDENTIFIER = me.joshdance.pushuphero;
				PRODUCT_NAME = "$(TARGET_NAME)";
				SWIFT_VERSION = 4.0;
				TARGETED_DEVICE_FAMILY = "1,2";
			};
			name = Debug;
		};
		429EC19A20F5D3BB000E7075 /* Release */ = {
			isa = XCBuildConfiguration;
			buildSettings = {
				ASSETCATALOG_COMPILER_APPICON_NAME = AppIcon;
				CODE_SIGN_STYLE = Automatic;
				DEVELOPMENT_TEAM = 4YEP43V2YP;
				INFOPLIST_FILE = "buttons copy-Info.plist";
				IPHONEOS_DEPLOYMENT_TARGET = 11.0;
				LD_RUNPATH_SEARCH_PATHS = "$(inherited) @executable_path/Frameworks";
				PRODUCT_BUNDLE_IDENTIFIER = me.joshdance.pushuphero;
				PRODUCT_NAME = "$(TARGET_NAME)";
				SWIFT_VERSION = 4.0;
				TARGETED_DEVICE_FAMILY = "1,2";
			};
			name = Release;
		};
/* End XCBuildConfiguration section */

/* Begin XCConfigurationList section */
		4213EB8F20429638009B2C01 /* Build configuration list for PBXProject "Pushup Hero" */ = {
			isa = XCConfigurationList;
			buildConfigurations = (
				4213EBA420429638009B2C01 /* Debug */,
				4213EBA520429638009B2C01 /* Release */,
			);
			defaultConfigurationIsVisible = 0;
			defaultConfigurationName = Release;
		};
		4271A6A220F88BE300C4C216 /* Build configuration list for PBXNativeTarget "Pushup Hero copy" */ = {
			isa = XCConfigurationList;
			buildConfigurations = (
				4271A6A320F88BE300C4C216 /* Debug */,
				4271A6A420F88BE300C4C216 /* Release */,
			);
			defaultConfigurationIsVisible = 0;
			defaultConfigurationName = Release;
		};
		429EC19820F5D3BB000E7075 /* Build configuration list for PBXNativeTarget "Pushup Hero" */ = {
			isa = XCConfigurationList;
			buildConfigurations = (
				429EC19920F5D3BB000E7075 /* Debug */,
				429EC19A20F5D3BB000E7075 /* Release */,
			);
			defaultConfigurationIsVisible = 0;
			defaultConfigurationName = Release;
		};
/* End XCConfigurationList section */
	};
	rootObject = 4213EB8C20429638009B2C01 /* Project object */;
}
